
Microsoft Visual Studio Solution File, Format Version 12.00
# Visual Studio Version 17
VisualStudioVersion = 17.14.36121.58 d17.14
MinimumVisualStudioVersion = 10.0.40219.1
Project("{FAE04EC0-301F-11D3-BF4B-00C04F79EFBC}") = "MoreWood", "MoreWood.csproj", "{E43FC862-42E4-6585-8BC6-475AAAFB405A}"
EndProject
Global
	GlobalSection(SolutionConfigurationPlatforms) = preSolution
		Debug|Any CPU = Debug|Any CPU
		Release|Any CPU = Release|Any CPU
	EndGlobalSection
	GlobalSection(ProjectConfigurationPlatforms) = postSolution
		{E43FC862-42E4-6585-8BC6-475AAAFB405A}.Debug|Any CPU.ActiveCfg = Debug|Any CPU
		{E43FC862-42E4-6585-8BC6-475AAAFB405A}.Debug|Any CPU.Build.0 = Debug|Any CPU
		{E43FC862-42E4-6585-8BC6-475AAAFB405A}.Release|Any CPU.ActiveCfg = Release|Any CPU
		{E43FC862-42E4-6585-8BC6-475AAAFB405A}.Release|Any CPU.Build.0 = Release|Any CPU
	EndGlobalSection
	GlobalSection(SolutionProperties) = preSolution
		HideSolutionNode = FALSE
	EndGlobalSection
	GlobalSection(ExtensibilityGlobals) = postSolution
		SolutionGuid = {5AA22E30-F2E0-4CAF-9E18-DF979D16158A}
	EndGlobalSection
EndGlobal
